
Microsoft Visual Studio Solution File, Format Version 12.00
# Visual Studio 2012
Project("{F184B08F-C81C-45F6-A57F-5ABD9991F28F}") = "CmdMain", "CmdMain\CmdMain.vbproj", "{4E32C867-496E-4360-928D-1330335B57E5}"
EndProject
Project("{F184B08F-C81C-45F6-A57F-5ABD9991F28F}") = "DummyMain", "DummyMain\DummyMain.vbproj", "{5738CE55-BB4A-4B89-A42A-F5A7D8E71FBD}"
EndProject
Project("{F184B08F-C81C-45F6-A57F-5ABD9991F28F}") = "JobCommon", "JobCommon\JobCommon.vbproj", "{53A0D902-DAEE-407A-9FF5-1A371FC5B8C8}"
EndProject
Project("{F184B08F-C81C-45F6-A57F-5ABD9991F28F}") = "MateCommon", "MateCommon\MateCommon.vbproj", "{3ED6F97E-CFD8-41C7-A170-E70002E6AA00}"
EndProject
Project("{F184B08F-C81C-45F6-A57F-5ABD9991F28F}") = "UserProcess", "UserProcess\UserProcess.vbproj", "{B109D983-00C2-4F48-964E-EFF35A4033AE}"
EndProject
Project("{F184B08F-C81C-45F6-A57F-5ABD9991F28F}") = "MaterialStreamService", "MaterialStreamService\MaterialStreamService.vbproj", "{037D7A80-87D4-46EF-809A-5895D0DFD552}"
EndProject
Project("{F184B08F-C81C-45F6-A57F-5ABD9991F28F}") = "GamenMate", "GamenMate\GamenMate.vbproj", "{1D65944E-D685-4A97-A4AE-1D416DEA99BA}"
EndProject
Project("{F184B08F-C81C-45F6-A57F-5ABD9991F28F}") = "GamenMatePDA", "GamenMatePDA\GamenMatePDA.vbproj", "{D860DB60-8EFB-4B4C-8D6E-4ED7F4E2E67C}"
EndProject
Project("{F184B08F-C81C-45F6-A57F-5ABD9991F28F}") = "CtrlMCIA", "CtrlMCIA\CtrlMCIA.vbproj", "{93925339-5CCF-42B3-8753-61C6C5DD6C97}"
EndProject
Project("{F184B08F-C81C-45F6-A57F-5ABD9991F28F}") = "ComDaifuku", "ComDaifuku\ComDaifuku.vbproj", "{9EA456D7-CFB6-4150-B39C-CB33C1DC439E}"
EndProject
Project("{F184B08F-C81C-45F6-A57F-5ABD9991F28F}") = "CtrlMCIAToolDummy", "CtrlMCIAToolDummy\CtrlMCIAToolDummy.vbproj", "{BF70B62A-96F9-44AC-9626-7834CFF00F56}"
EndProject
Project("{F184B08F-C81C-45F6-A57F-5ABD9991F28F}") = "CtrlMemory", "CtrlMemory\CtrlMemory.vbproj", "{94F3F669-BDE8-4D7A-A53B-74BAEE45B712}"
EndProject
Project("{F184B08F-C81C-45F6-A57F-5ABD9991F28F}") = "CtrlMCIB", "CtrlMCIB\CtrlMCIB.vbproj", "{AB3E2EB4-DADD-4AA5-B71C-54B008A0E70B}"
EndProject
Project("{F184B08F-C81C-45F6-A57F-5ABD9991F28F}") = "CtrlZTool", "CtrlZTool\CtrlZTool.vbproj", "{D0713407-ED61-44BC-9DCD-AC3F7056201B}"
EndProject
Project("{F184B08F-C81C-45F6-A57F-5ABD9991F28F}") = "GamenCommon", "GamenCommon\GamenCommon.vbproj", "{DE4D187F-1C0C-4BBB-9ECF-EA59D5EB4492}"
EndProject
Project("{F184B08F-C81C-45F6-A57F-5ABD9991F28F}") = "CtrlMCIBToolDummy", "CtrlMCIBToolDummy\CtrlMCIBToolDummy.vbproj", "{3ADA564A-B04A-4551-B55E-08DD540FC135}"
EndProject
Project("{F184B08F-C81C-45F6-A57F-5ABD9991F28F}") = "CtrlRS232C", "CtrlRS232C\CtrlRS232C.vbproj", "{7E6CB13C-52FC-43D1-94D5-3743D08FB7E2}"
EndProject
Project("{F184B08F-C81C-45F6-A57F-5ABD9991F28F}") = "ComMelsec", "ComMelsec\ComMelsec.vbproj", "{BE3040E4-CFA9-479E-BB8C-6C967C4E27D5}"
EndProject
Project("{F184B08F-C81C-45F6-A57F-5ABD9991F28F}") = "ComPLCYaskawa", "ComPLCYaskawa\ComPLCYaskawa.vbproj", "{888299B0-24BF-41EC-8E91-4898492FBD3F}"
EndProject
Project("{F184B08F-C81C-45F6-A57F-5ABD9991F28F}") = "CtrlMCIC", "CtrlMCIC\CtrlMCIC.vbproj", "{49F694CD-C03E-46D3-BA47-6935CAF473AC}"
EndProject
Project("{F184B08F-C81C-45F6-A57F-5ABD9991F28F}") = "CtrlMCICToolDummy", "CtrlMCICToolDummy\CtrlMCICToolDummy.vbproj", "{CCD3F426-64D7-450C-93D5-0D264176B3F5}"
EndProject
Project("{F184B08F-C81C-45F6-A57F-5ABD9991F28F}") = "CtrlMCID", "CtrlMCID\CtrlMCID.vbproj", "{2939CF2A-D3AD-49F8-83C8-34B161BCADD9}"
EndProject
Project("{F184B08F-C81C-45F6-A57F-5ABD9991F28F}") = "CtrlSvrRestart", "CtrlSvrRestart\CtrlSvrRestart.vbproj", "{397A2B86-AFEE-40D2-A2E3-3CE40B575BDE}"
EndProject
Project("{F184B08F-C81C-45F6-A57F-5ABD9991F28F}") = "CtrlMCIF", "CtrlMCIF\CtrlMCIF.vbproj", "{5FFA5A76-75B2-47DE-ACD7-08865E363857}"
EndProject
Project("{F184B08F-C81C-45F6-A57F-5ABD9991F28F}") = "CtrlMCIFToolDummy", "CtrlMCIFToolDummy\CtrlMCIFToolDummy.vbproj", "{F45F3D67-B555-4FB3-B250-D2187B167BEB}"
EndProject
Project("{F184B08F-C81C-45F6-A57F-5ABD9991F28F}") = "ToolPLC", "ToolPLC\ToolPLC.vbproj", "{3DBA6824-B68B-4976-A44F-645FAE6107B2}"
EndProject
Project("{F184B08F-C81C-45F6-A57F-5ABD9991F28F}") = "CtrlMCIG", "CtrlMCIG\CtrlMCIG.vbproj", "{C58A209D-9A3C-419B-9DA3-605C8A7B2510}"
EndProject
Project("{F184B08F-C81C-45F6-A57F-5ABD9991F28F}") = "CtrlMCIGToolDummy", "CtrlMCIGToolDummy\CtrlMCIGToolDummy.vbproj", "{401E8924-B68F-481B-9767-59D37578F6AD}"
EndProject
Project("{F184B08F-C81C-45F6-A57F-5ABD9991F28F}") = "CtrlPlcAccess", "CtrlPlcAccess\CtrlPlcAccess.vbproj", "{54870CA5-D015-4C70-A019-CB5B84BDF321}"
EndProject
Global
	GlobalSection(SolutionConfigurationPlatforms) = preSolution
		Debug|Any CPU = Debug|Any CPU
		Debug|x64 = Debug|x64
		Debug|x86 = Debug|x86
		Design|Any CPU = Design|Any CPU
		Design|x64 = Design|x64
		Design|x86 = Design|x86
		Release|Any CPU = Release|Any CPU
		Release|x64 = Release|x64
		Release|x86 = Release|x86
	EndGlobalSection
	GlobalSection(ProjectConfigurationPlatforms) = postSolution
		{4E32C867-496E-4360-928D-1330335B57E5}.Debug|Any CPU.ActiveCfg = Debug|Any CPU
		{4E32C867-496E-4360-928D-1330335B57E5}.Debug|Any CPU.Build.0 = Debug|Any CPU
		{4E32C867-496E-4360-928D-1330335B57E5}.Debug|x64.ActiveCfg = Debug|x64
		{4E32C867-496E-4360-928D-1330335B57E5}.Debug|x64.Build.0 = Debug|x64
		{4E32C867-496E-4360-928D-1330335B57E5}.Debug|x86.ActiveCfg = Debug|Any CPU
		{4E32C867-496E-4360-928D-1330335B57E5}.Design|Any CPU.ActiveCfg = Design|Any CPU
		{4E32C867-496E-4360-928D-1330335B57E5}.Design|Any CPU.Build.0 = Design|Any CPU
		{4E32C867-496E-4360-928D-1330335B57E5}.Design|x64.ActiveCfg = Design|x64
		{4E32C867-496E-4360-928D-1330335B57E5}.Design|x64.Build.0 = Design|x64
		{4E32C867-496E-4360-928D-1330335B57E5}.Design|x86.ActiveCfg = Design|Any CPU
		{4E32C867-496E-4360-928D-1330335B57E5}.Release|Any CPU.ActiveCfg = Release|Any CPU
		{4E32C867-496E-4360-928D-1330335B57E5}.Release|Any CPU.Build.0 = Release|Any CPU
		{4E32C867-496E-4360-928D-1330335B57E5}.Release|x64.ActiveCfg = Release|x64
		{4E32C867-496E-4360-928D-1330335B57E5}.Release|x64.Build.0 = Release|x64
		{4E32C867-496E-4360-928D-1330335B57E5}.Release|x86.ActiveCfg = Release|Any CPU
		{5738CE55-BB4A-4B89-A42A-F5A7D8E71FBD}.Debug|Any CPU.ActiveCfg = Debug|Any CPU
		{5738CE55-BB4A-4B89-A42A-F5A7D8E71FBD}.Debug|Any CPU.Build.0 = Debug|Any CPU
		{5738CE55-BB4A-4B89-A42A-F5A7D8E71FBD}.Debug|x64.ActiveCfg = Debug|x64
		{5738CE55-BB4A-4B89-A42A-F5A7D8E71FBD}.Debug|x64.Build.0 = Debug|x64
		{5738CE55-BB4A-4B89-A42A-F5A7D8E71FBD}.Debug|x86.ActiveCfg = Debug|Any CPU
		{5738CE55-BB4A-4B89-A42A-F5A7D8E71FBD}.Design|Any CPU.ActiveCfg = Design|Any CPU
		{5738CE55-BB4A-4B89-A42A-F5A7D8E71FBD}.Design|Any CPU.Build.0 = Design|Any CPU
		{5738CE55-BB4A-4B89-A42A-F5A7D8E71FBD}.Design|x64.ActiveCfg = Design|x64
		{5738CE55-BB4A-4B89-A42A-F5A7D8E71FBD}.Design|x64.Build.0 = Design|x64
		{5738CE55-BB4A-4B89-A42A-F5A7D8E71FBD}.Design|x86.ActiveCfg = Design|Any CPU
		{5738CE55-BB4A-4B89-A42A-F5A7D8E71FBD}.Release|Any CPU.ActiveCfg = Release|Any CPU
		{5738CE55-BB4A-4B89-A42A-F5A7D8E71FBD}.Release|Any CPU.Build.0 = Release|Any CPU
		{5738CE55-BB4A-4B89-A42A-F5A7D8E71FBD}.Release|x64.ActiveCfg = Release|x64
		{5738CE55-BB4A-4B89-A42A-F5A7D8E71FBD}.Release|x64.Build.0 = Release|x64
		{5738CE55-BB4A-4B89-A42A-F5A7D8E71FBD}.Release|x86.ActiveCfg = Release|Any CPU
		{53A0D902-DAEE-407A-9FF5-1A371FC5B8C8}.Debug|Any CPU.ActiveCfg = Debug|Any CPU
		{53A0D902-DAEE-407A-9FF5-1A371FC5B8C8}.Debug|Any CPU.Build.0 = Debug|Any CPU
		{53A0D902-DAEE-407A-9FF5-1A371FC5B8C8}.Debug|x64.ActiveCfg = Debug|x64
		{53A0D902-DAEE-407A-9FF5-1A371FC5B8C8}.Debug|x64.Build.0 = Debug|x64
		{53A0D902-DAEE-407A-9FF5-1A371FC5B8C8}.Debug|x86.ActiveCfg = Debug|Any CPU
		{53A0D902-DAEE-407A-9FF5-1A371FC5B8C8}.Design|Any CPU.ActiveCfg = Design|Any CPU
		{53A0D902-DAEE-407A-9FF5-1A371FC5B8C8}.Design|Any CPU.Build.0 = Design|Any CPU
		{53A0D902-DAEE-407A-9FF5-1A371FC5B8C8}.Design|x64.ActiveCfg = Design|x64
		{53A0D902-DAEE-407A-9FF5-1A371FC5B8C8}.Design|x64.Build.0 = Design|x64
		{53A0D902-DAEE-407A-9FF5-1A371FC5B8C8}.Design|x86.ActiveCfg = Design|Any CPU
		{53A0D902-DAEE-407A-9FF5-1A371FC5B8C8}.Release|Any CPU.ActiveCfg = Release|Any CPU
		{53A0D902-DAEE-407A-9FF5-1A371FC5B8C8}.Release|Any CPU.Build.0 = Release|Any CPU
		{53A0D902-DAEE-407A-9FF5-1A371FC5B8C8}.Release|x64.ActiveCfg = Release|x64
		{53A0D902-DAEE-407A-9FF5-1A371FC5B8C8}.Release|x64.Build.0 = Release|x64
		{53A0D902-DAEE-407A-9FF5-1A371FC5B8C8}.Release|x86.ActiveCfg = Release|Any CPU
		{3ED6F97E-CFD8-41C7-A170-E70002E6AA00}.Debug|Any CPU.ActiveCfg = Debug|Any CPU
		{3ED6F97E-CFD8-41C7-A170-E70002E6AA00}.Debug|Any CPU.Build.0 = Debug|Any CPU
		{3ED6F97E-CFD8-41C7-A170-E70002E6AA00}.Debug|x64.ActiveCfg = Debug|x64
		{3ED6F97E-CFD8-41C7-A170-E70002E6AA00}.Debug|x64.Build.0 = Debug|x64
		{3ED6F97E-CFD8-41C7-A170-E70002E6AA00}.Debug|x86.ActiveCfg = Debug|Any CPU
		{3ED6F97E-CFD8-41C7-A170-E70002E6AA00}.Design|Any CPU.ActiveCfg = Design|Any CPU
		{3ED6F97E-CFD8-41C7-A170-E70002E6AA00}.Design|Any CPU.Build.0 = Design|Any CPU
		{3ED6F97E-CFD8-41C7-A170-E70002E6AA00}.Design|x64.ActiveCfg = Design|x64
		{3ED6F97E-CFD8-41C7-A170-E70002E6AA00}.Design|x64.Build.0 = Design|x64
		{3ED6F97E-CFD8-41C7-A170-E70002E6AA00}.Design|x86.ActiveCfg = Design|Any CPU
		{3ED6F97E-CFD8-41C7-A170-E70002E6AA00}.Release|Any CPU.ActiveCfg = Release|Any CPU
		{3ED6F97E-CFD8-41C7-A170-E70002E6AA00}.Release|Any CPU.Build.0 = Release|Any CPU
		{3ED6F97E-CFD8-41C7-A170-E70002E6AA00}.Release|x64.ActiveCfg = Release|x64
		{3ED6F97E-CFD8-41C7-A170-E70002E6AA00}.Release|x64.Build.0 = Release|x64
		{3ED6F97E-CFD8-41C7-A170-E70002E6AA00}.Release|x86.ActiveCfg = Release|Any CPU
		{B109D983-00C2-4F48-964E-EFF35A4033AE}.Debug|Any CPU.ActiveCfg = Debug|Any CPU
		{B109D983-00C2-4F48-964E-EFF35A4033AE}.Debug|Any CPU.Build.0 = Debug|Any CPU
		{B109D983-00C2-4F48-964E-EFF35A4033AE}.Debug|x64.ActiveCfg = Debug|x64
		{B109D983-00C2-4F48-964E-EFF35A4033AE}.Debug|x64.Build.0 = Debug|x64
		{B109D983-00C2-4F48-964E-EFF35A4033AE}.Debug|x86.ActiveCfg = Debug|Any CPU
		{B109D983-00C2-4F48-964E-EFF35A4033AE}.Design|Any CPU.ActiveCfg = Design|Any CPU
		{B109D983-00C2-4F48-964E-EFF35A4033AE}.Design|Any CPU.Build.0 = Design|Any CPU
		{B109D983-00C2-4F48-964E-EFF35A4033AE}.Design|x64.ActiveCfg = Design|x64
		{B109D983-00C2-4F48-964E-EFF35A4033AE}.Design|x64.Build.0 = Design|x64
		{B109D983-00C2-4F48-964E-EFF35A4033AE}.Design|x86.ActiveCfg = Design|Any CPU
		{B109D983-00C2-4F48-964E-EFF35A4033AE}.Release|Any CPU.ActiveCfg = Release|Any CPU
		{B109D983-00C2-4F48-964E-EFF35A4033AE}.Release|Any CPU.Build.0 = Release|Any CPU
		{B109D983-00C2-4F48-964E-EFF35A4033AE}.Release|x64.ActiveCfg = Release|x64
		{B109D983-00C2-4F48-964E-EFF35A4033AE}.Release|x64.Build.0 = Release|x64
		{B109D983-00C2-4F48-964E-EFF35A4033AE}.Release|x86.ActiveCfg = Release|Any CPU
		{037D7A80-87D4-46EF-809A-5895D0DFD552}.Debug|Any CPU.ActiveCfg = Debug|Any CPU
		{037D7A80-87D4-46EF-809A-5895D0DFD552}.Debug|Any CPU.Build.0 = Debug|Any CPU
		{037D7A80-87D4-46EF-809A-5895D0DFD552}.Debug|x64.ActiveCfg = Debug|x64
		{037D7A80-87D4-46EF-809A-5895D0DFD552}.Debug|x64.Build.0 = Debug|x64
		{037D7A80-87D4-46EF-809A-5895D0DFD552}.Debug|x86.ActiveCfg = Debug|Any CPU
		{037D7A80-87D4-46EF-809A-5895D0DFD552}.Design|Any CPU.ActiveCfg = Design|Any CPU
		{037D7A80-87D4-46EF-809A-5895D0DFD552}.Design|Any CPU.Build.0 = Design|Any CPU
		{037D7A80-87D4-46EF-809A-5895D0DFD552}.Design|x64.ActiveCfg = Design|x64
		{037D7A80-87D4-46EF-809A-5895D0DFD552}.Design|x64.Build.0 = Design|x64
		{037D7A80-87D4-46EF-809A-5895D0DFD552}.Design|x86.ActiveCfg = Design|Any CPU
		{037D7A80-87D4-46EF-809A-5895D0DFD552}.Release|Any CPU.ActiveCfg = Release|Any CPU
		{037D7A80-87D4-46EF-809A-5895D0DFD552}.Release|Any CPU.Build.0 = Release|Any CPU
		{037D7A80-87D4-46EF-809A-5895D0DFD552}.Release|x64.ActiveCfg = Release|x64
		{037D7A80-87D4-46EF-809A-5895D0DFD552}.Release|x64.Build.0 = Release|x64
		{037D7A80-87D4-46EF-809A-5895D0DFD552}.Release|x86.ActiveCfg = Release|Any CPU
		{1D65944E-D685-4A97-A4AE-1D416DEA99BA}.Debug|Any CPU.ActiveCfg = Debug|Any CPU
		{1D65944E-D685-4A97-A4AE-1D416DEA99BA}.Debug|Any CPU.Build.0 = Debug|Any CPU
		{1D65944E-D685-4A97-A4AE-1D416DEA99BA}.Debug|x64.ActiveCfg = Debug|x64
		{1D65944E-D685-4A97-A4AE-1D416DEA99BA}.Debug|x64.Build.0 = Debug|x64
		{1D65944E-D685-4A97-A4AE-1D416DEA99BA}.Debug|x86.ActiveCfg = Debug|Any CPU
		{1D65944E-D685-4A97-A4AE-1D416DEA99BA}.Design|Any CPU.ActiveCfg = Design|Any CPU
		{1D65944E-D685-4A97-A4AE-1D416DEA99BA}.Design|Any CPU.Build.0 = Design|Any CPU
		{1D65944E-D685-4A97-A4AE-1D416DEA99BA}.Design|x64.ActiveCfg = Design|x64
		{1D65944E-D685-4A97-A4AE-1D416DEA99BA}.Design|x64.Build.0 = Design|x64
		{1D65944E-D685-4A97-A4AE-1D416DEA99BA}.Design|x86.ActiveCfg = Design|Any CPU
		{1D65944E-D685-4A97-A4AE-1D416DEA99BA}.Release|Any CPU.ActiveCfg = Release|Any CPU
		{1D65944E-D685-4A97-A4AE-1D416DEA99BA}.Release|Any CPU.Build.0 = Release|Any CPU
		{1D65944E-D685-4A97-A4AE-1D416DEA99BA}.Release|x64.ActiveCfg = Release|x64
		{1D65944E-D685-4A97-A4AE-1D416DEA99BA}.Release|x64.Build.0 = Release|x64
		{1D65944E-D685-4A97-A4AE-1D416DEA99BA}.Release|x86.ActiveCfg = Release|Any CPU
		{D860DB60-8EFB-4B4C-8D6E-4ED7F4E2E67C}.Debug|Any CPU.ActiveCfg = Debug|Any CPU
		{D860DB60-8EFB-4B4C-8D6E-4ED7F4E2E67C}.Debug|Any CPU.Build.0 = Debug|Any CPU
		{D860DB60-8EFB-4B4C-8D6E-4ED7F4E2E67C}.Debug|x64.ActiveCfg = Debug|x64
		{D860DB60-8EFB-4B4C-8D6E-4ED7F4E2E67C}.Debug|x64.Build.0 = Debug|x64
		{D860DB60-8EFB-4B4C-8D6E-4ED7F4E2E67C}.Debug|x86.ActiveCfg = Debug|Any CPU
		{D860DB60-8EFB-4B4C-8D6E-4ED7F4E2E67C}.Design|Any CPU.ActiveCfg = Design|Any CPU
		{D860DB60-8EFB-4B4C-8D6E-4ED7F4E2E67C}.Design|Any CPU.Build.0 = Design|Any CPU
		{D860DB60-8EFB-4B4C-8D6E-4ED7F4E2E67C}.Design|x64.ActiveCfg = Design|x64
		{D860DB60-8EFB-4B4C-8D6E-4ED7F4E2E67C}.Design|x64.Build.0 = Design|x64
		{D860DB60-8EFB-4B4C-8D6E-4ED7F4E2E67C}.Design|x86.ActiveCfg = Design|Any CPU
		{D860DB60-8EFB-4B4C-8D6E-4ED7F4E2E67C}.Release|Any CPU.ActiveCfg = Release|Any CPU
		{D860DB60-8EFB-4B4C-8D6E-4ED7F4E2E67C}.Release|Any CPU.Build.0 = Release|Any CPU
		{D860DB60-8EFB-4B4C-8D6E-4ED7F4E2E67C}.Release|x64.ActiveCfg = Release|x64
		{D860DB60-8EFB-4B4C-8D6E-4ED7F4E2E67C}.Release|x64.Build.0 = Release|x64
		{D860DB60-8EFB-4B4C-8D6E-4ED7F4E2E67C}.Release|x86.ActiveCfg = Release|Any CPU
		{93925339-5CCF-42B3-8753-61C6C5DD6C97}.Debug|Any CPU.ActiveCfg = Debug|Any CPU
		{93925339-5CCF-42B3-8753-61C6C5DD6C97}.Debug|Any CPU.Build.0 = Debug|Any CPU
		{93925339-5CCF-42B3-8753-61C6C5DD6C97}.Debug|x64.ActiveCfg = Debug|x64
		{93925339-5CCF-42B3-8753-61C6C5DD6C97}.Debug|x64.Build.0 = Debug|x64
		{93925339-5CCF-42B3-8753-61C6C5DD6C97}.Debug|x86.ActiveCfg = Debug|Any CPU
		{93925339-5CCF-42B3-8753-61C6C5DD6C97}.Design|Any CPU.ActiveCfg = Design|Any CPU
		{93925339-5CCF-42B3-8753-61C6C5DD6C97}.Design|Any CPU.Build.0 = Design|Any CPU
		{93925339-5CCF-42B3-8753-61C6C5DD6C97}.Design|x64.ActiveCfg = Design|x64
		{93925339-5CCF-42B3-8753-61C6C5DD6C97}.Design|x64.Build.0 = Design|x64
		{93925339-5CCF-42B3-8753-61C6C5DD6C97}.Design|x86.ActiveCfg = Design|Any CPU
		{93925339-5CCF-42B3-8753-61C6C5DD6C97}.Release|Any CPU.ActiveCfg = Release|Any CPU
		{93925339-5CCF-42B3-8753-61C6C5DD6C97}.Release|Any CPU.Build.0 = Release|Any CPU
		{93925339-5CCF-42B3-8753-61C6C5DD6C97}.Release|x64.ActiveCfg = Release|x64
		{93925339-5CCF-42B3-8753-61C6C5DD6C97}.Release|x64.Build.0 = Release|x64
		{93925339-5CCF-42B3-8753-61C6C5DD6C97}.Release|x86.ActiveCfg = Release|Any CPU
		{9EA456D7-CFB6-4150-B39C-CB33C1DC439E}.Debug|Any CPU.ActiveCfg = Debug|Any CPU
		{9EA456D7-CFB6-4150-B39C-CB33C1DC439E}.Debug|Any CPU.Build.0 = Debug|Any CPU
		{9EA456D7-CFB6-4150-B39C-CB33C1DC439E}.Debug|x64.ActiveCfg = Debug|x64
		{9EA456D7-CFB6-4150-B39C-CB33C1DC439E}.Debug|x64.Build.0 = Debug|x64
		{9EA456D7-CFB6-4150-B39C-CB33C1DC439E}.Debug|x86.ActiveCfg = Debug|Any CPU
		{9EA456D7-CFB6-4150-B39C-CB33C1DC439E}.Design|Any CPU.ActiveCfg = Design|Any CPU
		{9EA456D7-CFB6-4150-B39C-CB33C1DC439E}.Design|Any CPU.Build.0 = Design|Any CPU
		{9EA456D7-CFB6-4150-B39C-CB33C1DC439E}.Design|x64.ActiveCfg = Design|x64
		{9EA456D7-CFB6-4150-B39C-CB33C1DC439E}.Design|x64.Build.0 = Design|x64
		{9EA456D7-CFB6-4150-B39C-CB33C1DC439E}.Design|x86.ActiveCfg = Design|Any CPU
		{9EA456D7-CFB6-4150-B39C-CB33C1DC439E}.Release|Any CPU.ActiveCfg = Release|Any CPU
		{9EA456D7-CFB6-4150-B39C-CB33C1DC439E}.Release|Any CPU.Build.0 = Release|Any CPU
		{9EA456D7-CFB6-4150-B39C-CB33C1DC439E}.Release|x64.ActiveCfg = Release|x64
		{9EA456D7-CFB6-4150-B39C-CB33C1DC439E}.Release|x64.Build.0 = Release|x64
		{9EA456D7-CFB6-4150-B39C-CB33C1DC439E}.Release|x86.ActiveCfg = Release|Any CPU
		{BF70B62A-96F9-44AC-9626-7834CFF00F56}.Debug|Any CPU.ActiveCfg = Debug|Any CPU
		{BF70B62A-96F9-44AC-9626-7834CFF00F56}.Debug|Any CPU.Build.0 = Debug|Any CPU
		{BF70B62A-96F9-44AC-9626-7834CFF00F56}.Debug|x64.ActiveCfg = Debug|x64
		{BF70B62A-96F9-44AC-9626-7834CFF00F56}.Debug|x64.Build.0 = Debug|x64
		{BF70B62A-96F9-44AC-9626-7834CFF00F56}.Debug|x86.ActiveCfg = Debug|Any CPU
		{BF70B62A-96F9-44AC-9626-7834CFF00F56}.Design|Any CPU.ActiveCfg = Design|Any CPU
		{BF70B62A-96F9-44AC-9626-7834CFF00F56}.Design|Any CPU.Build.0 = Design|Any CPU
		{BF70B62A-96F9-44AC-9626-7834CFF00F56}.Design|x64.ActiveCfg = Design|x64
		{BF70B62A-96F9-44AC-9626-7834CFF00F56}.Design|x64.Build.0 = Design|x64
		{BF70B62A-96F9-44AC-9626-7834CFF00F56}.Design|x86.ActiveCfg = Design|Any CPU
		{BF70B62A-96F9-44AC-9626-7834CFF00F56}.Release|Any CPU.ActiveCfg = Release|Any CPU
		{BF70B62A-96F9-44AC-9626-7834CFF00F56}.Release|Any CPU.Build.0 = Release|Any CPU
		{BF70B62A-96F9-44AC-9626-7834CFF00F56}.Release|x64.ActiveCfg = Release|x64
		{BF70B62A-96F9-44AC-9626-7834CFF00F56}.Release|x64.Build.0 = Release|x64
		{BF70B62A-96F9-44AC-9626-7834CFF00F56}.Release|x86.ActiveCfg = Release|Any CPU
		{94F3F669-BDE8-4D7A-A53B-74BAEE45B712}.Debug|Any CPU.ActiveCfg = Debug|Any CPU
		{94F3F669-BDE8-4D7A-A53B-74BAEE45B712}.Debug|Any CPU.Build.0 = Debug|Any CPU
		{94F3F669-BDE8-4D7A-A53B-74BAEE45B712}.Debug|x64.ActiveCfg = Debug|x64
		{94F3F669-BDE8-4D7A-A53B-74BAEE45B712}.Debug|x64.Build.0 = Debug|x64
		{94F3F669-BDE8-4D7A-A53B-74BAEE45B712}.Debug|x86.ActiveCfg = Debug|Any CPU
		{94F3F669-BDE8-4D7A-A53B-74BAEE45B712}.Design|Any CPU.ActiveCfg = Design|Any CPU
		{94F3F669-BDE8-4D7A-A53B-74BAEE45B712}.Design|Any CPU.Build.0 = Design|Any CPU
		{94F3F669-BDE8-4D7A-A53B-74BAEE45B712}.Design|x64.ActiveCfg = Design|x64
		{94F3F669-BDE8-4D7A-A53B-74BAEE45B712}.Design|x64.Build.0 = Design|x64
		{94F3F669-BDE8-4D7A-A53B-74BAEE45B712}.Design|x86.ActiveCfg = Design|Any CPU
		{94F3F669-BDE8-4D7A-A53B-74BAEE45B712}.Release|Any CPU.ActiveCfg = Release|Any CPU
		{94F3F669-BDE8-4D7A-A53B-74BAEE45B712}.Release|Any CPU.Build.0 = Release|Any CPU
		{94F3F669-BDE8-4D7A-A53B-74BAEE45B712}.Release|x64.ActiveCfg = Release|x64
		{94F3F669-BDE8-4D7A-A53B-74BAEE45B712}.Release|x64.Build.0 = Release|x64
		{94F3F669-BDE8-4D7A-A53B-74BAEE45B712}.Release|x86.ActiveCfg = Release|Any CPU
		{AB3E2EB4-DADD-4AA5-B71C-54B008A0E70B}.Debug|Any CPU.ActiveCfg = Debug|Any CPU
		{AB3E2EB4-DADD-4AA5-B71C-54B008A0E70B}.Debug|Any CPU.Build.0 = Debug|Any CPU
		{AB3E2EB4-DADD-4AA5-B71C-54B008A0E70B}.Debug|x64.ActiveCfg = Debug|x64
		{AB3E2EB4-DADD-4AA5-B71C-54B008A0E70B}.Debug|x64.Build.0 = Debug|x64
		{AB3E2EB4-DADD-4AA5-B71C-54B008A0E70B}.Debug|x86.ActiveCfg = Debug|Any CPU
		{AB3E2EB4-DADD-4AA5-B71C-54B008A0E70B}.Design|Any CPU.ActiveCfg = Design|Any CPU
		{AB3E2EB4-DADD-4AA5-B71C-54B008A0E70B}.Design|Any CPU.Build.0 = Design|Any CPU
		{AB3E2EB4-DADD-4AA5-B71C-54B008A0E70B}.Design|x64.ActiveCfg = Design|x64
		{AB3E2EB4-DADD-4AA5-B71C-54B008A0E70B}.Design|x64.Build.0 = Design|x64
		{AB3E2EB4-DADD-4AA5-B71C-54B008A0E70B}.Design|x86.ActiveCfg = Design|Any CPU
		{AB3E2EB4-DADD-4AA5-B71C-54B008A0E70B}.Release|Any CPU.ActiveCfg = Release|Any CPU
		{AB3E2EB4-DADD-4AA5-B71C-54B008A0E70B}.Release|Any CPU.Build.0 = Release|Any CPU
		{AB3E2EB4-DADD-4AA5-B71C-54B008A0E70B}.Release|x64.ActiveCfg = Release|x64
		{AB3E2EB4-DADD-4AA5-B71C-54B008A0E70B}.Release|x64.Build.0 = Release|x64
		{AB3E2EB4-DADD-4AA5-B71C-54B008A0E70B}.Release|x86.ActiveCfg = Release|Any CPU
		{D0713407-ED61-44BC-9DCD-AC3F7056201B}.Debug|Any CPU.ActiveCfg = Debug|Any CPU
		{D0713407-ED61-44BC-9DCD-AC3F7056201B}.Debug|Any CPU.Build.0 = Debug|Any CPU
		{D0713407-ED61-44BC-9DCD-AC3F7056201B}.Debug|x64.ActiveCfg = Debug|x64
		{D0713407-ED61-44BC-9DCD-AC3F7056201B}.Debug|x64.Build.0 = Debug|x64
		{D0713407-ED61-44BC-9DCD-AC3F7056201B}.Debug|x86.ActiveCfg = Debug|Any CPU
		{D0713407-ED61-44BC-9DCD-AC3F7056201B}.Design|Any CPU.ActiveCfg = Design|Any CPU
		{D0713407-ED61-44BC-9DCD-AC3F7056201B}.Design|Any CPU.Build.0 = Design|Any CPU
		{D0713407-ED61-44BC-9DCD-AC3F7056201B}.Design|x64.ActiveCfg = Design|x64
		{D0713407-ED61-44BC-9DCD-AC3F7056201B}.Design|x64.Build.0 = Design|x64
		{D0713407-ED61-44BC-9DCD-AC3F7056201B}.Design|x86.ActiveCfg = Design|Any CPU
		{D0713407-ED61-44BC-9DCD-AC3F7056201B}.Release|Any CPU.ActiveCfg = Release|Any CPU
		{D0713407-ED61-44BC-9DCD-AC3F7056201B}.Release|Any CPU.Build.0 = Release|Any CPU
		{D0713407-ED61-44BC-9DCD-AC3F7056201B}.Release|x64.ActiveCfg = Release|x64
		{D0713407-ED61-44BC-9DCD-AC3F7056201B}.Release|x64.Build.0 = Release|x64
		{D0713407-ED61-44BC-9DCD-AC3F7056201B}.Release|x86.ActiveCfg = Release|Any CPU
		{DE4D187F-1C0C-4BBB-9ECF-EA59D5EB4492}.Debug|Any CPU.ActiveCfg = Debug|Any CPU
		{DE4D187F-1C0C-4BBB-9ECF-EA59D5EB4492}.Debug|Any CPU.Build.0 = Debug|Any CPU
		{DE4D187F-1C0C-4BBB-9ECF-EA59D5EB4492}.Debug|x64.ActiveCfg = Debug|x64
		{DE4D187F-1C0C-4BBB-9ECF-EA59D5EB4492}.Debug|x64.Build.0 = Debug|x64
		{DE4D187F-1C0C-4BBB-9ECF-EA59D5EB4492}.Debug|x86.ActiveCfg = Debug|Any CPU
		{DE4D187F-1C0C-4BBB-9ECF-EA59D5EB4492}.Design|Any CPU.ActiveCfg = Design|Any CPU
		{DE4D187F-1C0C-4BBB-9ECF-EA59D5EB4492}.Design|Any CPU.Build.0 = Design|Any CPU
		{DE4D187F-1C0C-4BBB-9ECF-EA59D5EB4492}.Design|x64.ActiveCfg = Design|x64
		{DE4D187F-1C0C-4BBB-9ECF-EA59D5EB4492}.Design|x64.Build.0 = Design|x64
		{DE4D187F-1C0C-4BBB-9ECF-EA59D5EB4492}.Design|x86.ActiveCfg = Design|Any CPU
		{DE4D187F-1C0C-4BBB-9ECF-EA59D5EB4492}.Release|Any CPU.ActiveCfg = Release|Any CPU
		{DE4D187F-1C0C-4BBB-9ECF-EA59D5EB4492}.Release|Any CPU.Build.0 = Release|Any CPU
		{DE4D187F-1C0C-4BBB-9ECF-EA59D5EB4492}.Release|x64.ActiveCfg = Release|x64
		{DE4D187F-1C0C-4BBB-9ECF-EA59D5EB4492}.Release|x64.Build.0 = Release|x64
		{DE4D187F-1C0C-4BBB-9ECF-EA59D5EB4492}.Release|x86.ActiveCfg = Release|Any CPU
		{3ADA564A-B04A-4551-B55E-08DD540FC135}.Debug|Any CPU.ActiveCfg = Debug|Any CPU
		{3ADA564A-B04A-4551-B55E-08DD540FC135}.Debug|Any CPU.Build.0 = Debug|Any CPU
		{3ADA564A-B04A-4551-B55E-08DD540FC135}.Debug|x64.ActiveCfg = Debug|x64
		{3ADA564A-B04A-4551-B55E-08DD540FC135}.Debug|x64.Build.0 = Debug|x64
		{3ADA564A-B04A-4551-B55E-08DD540FC135}.Debug|x86.ActiveCfg = Debug|Any CPU
		{3ADA564A-B04A-4551-B55E-08DD540FC135}.Design|Any CPU.ActiveCfg = Design|Any CPU
		{3ADA564A-B04A-4551-B55E-08DD540FC135}.Design|Any CPU.Build.0 = Design|Any CPU
		{3ADA564A-B04A-4551-B55E-08DD540FC135}.Design|x64.ActiveCfg = Design|x64
		{3ADA564A-B04A-4551-B55E-08DD540FC135}.Design|x64.Build.0 = Design|x64
		{3ADA564A-B04A-4551-B55E-08DD540FC135}.Design|x86.ActiveCfg = Design|Any CPU
		{3ADA564A-B04A-4551-B55E-08DD540FC135}.Release|Any CPU.ActiveCfg = Release|Any CPU
		{3ADA564A-B04A-4551-B55E-08DD540FC135}.Release|Any CPU.Build.0 = Release|Any CPU
		{3ADA564A-B04A-4551-B55E-08DD540FC135}.Release|x64.ActiveCfg = Release|x64
		{3ADA564A-B04A-4551-B55E-08DD540FC135}.Release|x64.Build.0 = Release|x64
		{3ADA564A-B04A-4551-B55E-08DD540FC135}.Release|x86.ActiveCfg = Release|Any CPU
		{7E6CB13C-52FC-43D1-94D5-3743D08FB7E2}.Debug|Any CPU.ActiveCfg = Debug|Any CPU
		{7E6CB13C-52FC-43D1-94D5-3743D08FB7E2}.Debug|Any CPU.Build.0 = Debug|Any CPU
		{7E6CB13C-52FC-43D1-94D5-3743D08FB7E2}.Debug|x64.ActiveCfg = Debug|x64
		{7E6CB13C-52FC-43D1-94D5-3743D08FB7E2}.Debug|x64.Build.0 = Debug|x64
		{7E6CB13C-52FC-43D1-94D5-3743D08FB7E2}.Debug|x86.ActiveCfg = Debug|Any CPU
		{7E6CB13C-52FC-43D1-94D5-3743D08FB7E2}.Design|Any CPU.ActiveCfg = Design|Any CPU
		{7E6CB13C-52FC-43D1-94D5-3743D08FB7E2}.Design|Any CPU.Build.0 = Design|Any CPU
		{7E6CB13C-52FC-43D1-94D5-3743D08FB7E2}.Design|x64.ActiveCfg = Design|x64
		{7E6CB13C-52FC-43D1-94D5-3743D08FB7E2}.Design|x64.Build.0 = Design|x64
		{7E6CB13C-52FC-43D1-94D5-3743D08FB7E2}.Design|x86.ActiveCfg = Design|Any CPU
		{7E6CB13C-52FC-43D1-94D5-3743D08FB7E2}.Release|Any CPU.ActiveCfg = Release|Any CPU
		{7E6CB13C-52FC-43D1-94D5-3743D08FB7E2}.Release|Any CPU.Build.0 = Release|Any CPU
		{7E6CB13C-52FC-43D1-94D5-3743D08FB7E2}.Release|x64.ActiveCfg = Release|x64
		{7E6CB13C-52FC-43D1-94D5-3743D08FB7E2}.Release|x64.Build.0 = Release|x64
		{7E6CB13C-52FC-43D1-94D5-3743D08FB7E2}.Release|x86.ActiveCfg = Release|Any CPU
		{BE3040E4-CFA9-479E-BB8C-6C967C4E27D5}.Debug|Any CPU.ActiveCfg = Debug|Any CPU
		{BE3040E4-CFA9-479E-BB8C-6C967C4E27D5}.Debug|Any CPU.Build.0 = Debug|Any CPU
		{BE3040E4-CFA9-479E-BB8C-6C967C4E27D5}.Debug|x64.ActiveCfg = Debug|x64
		{BE3040E4-CFA9-479E-BB8C-6C967C4E27D5}.Debug|x64.Build.0 = Debug|x64
		{BE3040E4-CFA9-479E-BB8C-6C967C4E27D5}.Debug|x86.ActiveCfg = Debug|Any CPU
		{BE3040E4-CFA9-479E-BB8C-6C967C4E27D5}.Design|Any CPU.ActiveCfg = Design|Any CPU
		{BE3040E4-CFA9-479E-BB8C-6C967C4E27D5}.Design|Any CPU.Build.0 = Design|Any CPU
		{BE3040E4-CFA9-479E-BB8C-6C967C4E27D5}.Design|x64.ActiveCfg = Design|x64
		{BE3040E4-CFA9-479E-BB8C-6C967C4E27D5}.Design|x64.Build.0 = Design|x64
		{BE3040E4-CFA9-479E-BB8C-6C967C4E27D5}.Design|x86.ActiveCfg = Design|Any CPU
		{BE3040E4-CFA9-479E-BB8C-6C967C4E27D5}.Release|Any CPU.ActiveCfg = Release|Any CPU
		{BE3040E4-CFA9-479E-BB8C-6C967C4E27D5}.Release|Any CPU.Build.0 = Release|Any CPU
		{BE3040E4-CFA9-479E-BB8C-6C967C4E27D5}.Release|x64.ActiveCfg = Release|x64
		{BE3040E4-CFA9-479E-BB8C-6C967C4E27D5}.Release|x64.Build.0 = Release|x64
		{BE3040E4-CFA9-479E-BB8C-6C967C4E27D5}.Release|x86.ActiveCfg = Release|Any CPU
		{888299B0-24BF-41EC-8E91-4898492FBD3F}.Debug|Any CPU.ActiveCfg = Debug|Any CPU
		{888299B0-24BF-41EC-8E91-4898492FBD3F}.Debug|Any CPU.Build.0 = Debug|Any CPU
		{888299B0-24BF-41EC-8E91-4898492FBD3F}.Debug|x64.ActiveCfg = Debug|x64
		{888299B0-24BF-41EC-8E91-4898492FBD3F}.Debug|x64.Build.0 = Debug|x64
		{888299B0-24BF-41EC-8E91-4898492FBD3F}.Debug|x86.ActiveCfg = Debug|Any CPU
		{888299B0-24BF-41EC-8E91-4898492FBD3F}.Design|Any CPU.ActiveCfg = Design|Any CPU
		{888299B0-24BF-41EC-8E91-4898492FBD3F}.Design|Any CPU.Build.0 = Design|Any CPU
		{888299B0-24BF-41EC-8E91-4898492FBD3F}.Design|x64.ActiveCfg = Design|x64
		{888299B0-24BF-41EC-8E91-4898492FBD3F}.Design|x64.Build.0 = Design|x64
		{888299B0-24BF-41EC-8E91-4898492FBD3F}.Design|x86.ActiveCfg = Design|Any CPU
		{888299B0-24BF-41EC-8E91-4898492FBD3F}.Release|Any CPU.ActiveCfg = Release|Any CPU
		{888299B0-24BF-41EC-8E91-4898492FBD3F}.Release|Any CPU.Build.0 = Release|Any CPU
		{888299B0-24BF-41EC-8E91-4898492FBD3F}.Release|x64.ActiveCfg = Release|x64
		{888299B0-24BF-41EC-8E91-4898492FBD3F}.Release|x64.Build.0 = Release|x64
		{888299B0-24BF-41EC-8E91-4898492FBD3F}.Release|x86.ActiveCfg = Release|Any CPU
		{49F694CD-C03E-46D3-BA47-6935CAF473AC}.Debug|Any CPU.ActiveCfg = Debug|Any CPU
		{49F694CD-C03E-46D3-BA47-6935CAF473AC}.Debug|Any CPU.Build.0 = Debug|Any CPU
		{49F694CD-C03E-46D3-BA47-6935CAF473AC}.Debug|x64.ActiveCfg = Debug|Any CPU
		{49F694CD-C03E-46D3-BA47-6935CAF473AC}.Debug|x86.ActiveCfg = Debug|Any CPU
		{49F694CD-C03E-46D3-BA47-6935CAF473AC}.Design|Any CPU.ActiveCfg = Debug|Any CPU
		{49F694CD-C03E-46D3-BA47-6935CAF473AC}.Design|x64.ActiveCfg = Release|x64
		{49F694CD-C03E-46D3-BA47-6935CAF473AC}.Design|x86.ActiveCfg = Debug|Any CPU
		{49F694CD-C03E-46D3-BA47-6935CAF473AC}.Release|Any CPU.ActiveCfg = Release|Any CPU
		{49F694CD-C03E-46D3-BA47-6935CAF473AC}.Release|Any CPU.Build.0 = Release|Any CPU
		{49F694CD-C03E-46D3-BA47-6935CAF473AC}.Release|x64.ActiveCfg = Release|x64
		{49F694CD-C03E-46D3-BA47-6935CAF473AC}.Release|x64.Build.0 = Release|x64
		{49F694CD-C03E-46D3-BA47-6935CAF473AC}.Release|x86.ActiveCfg = Release|Any CPU
		{CCD3F426-64D7-450C-93D5-0D264176B3F5}.Debug|Any CPU.ActiveCfg = Debug|Any CPU
		{CCD3F426-64D7-450C-93D5-0D264176B3F5}.Debug|Any CPU.Build.0 = Debug|Any CPU
		{CCD3F426-64D7-450C-93D5-0D264176B3F5}.Debug|x64.ActiveCfg = Debug|Any CPU
		{CCD3F426-64D7-450C-93D5-0D264176B3F5}.Debug|x86.ActiveCfg = Debug|Any CPU
		{CCD3F426-64D7-450C-93D5-0D264176B3F5}.Design|Any CPU.ActiveCfg = Debug|Any CPU
		{CCD3F426-64D7-450C-93D5-0D264176B3F5}.Design|x64.ActiveCfg = Release|x64
		{CCD3F426-64D7-450C-93D5-0D264176B3F5}.Design|x86.ActiveCfg = Debug|Any CPU
		{CCD3F426-64D7-450C-93D5-0D264176B3F5}.Release|Any CPU.ActiveCfg = Release|Any CPU
		{CCD3F426-64D7-450C-93D5-0D264176B3F5}.Release|Any CPU.Build.0 = Release|Any CPU
		{CCD3F426-64D7-450C-93D5-0D264176B3F5}.Release|x64.ActiveCfg = Release|x64
		{CCD3F426-64D7-450C-93D5-0D264176B3F5}.Release|x64.Build.0 = Release|x64
		{CCD3F426-64D7-450C-93D5-0D264176B3F5}.Release|x86.ActiveCfg = Release|Any CPU
		{2939CF2A-D3AD-49F8-83C8-34B161BCADD9}.Debug|Any CPU.ActiveCfg = Debug|Any CPU
		{2939CF2A-D3AD-49F8-83C8-34B161BCADD9}.Debug|Any CPU.Build.0 = Debug|Any CPU
		{2939CF2A-D3AD-49F8-83C8-34B161BCADD9}.Debug|x64.ActiveCfg = Debug|x64
		{2939CF2A-D3AD-49F8-83C8-34B161BCADD9}.Debug|x64.Build.0 = Debug|x64
		{2939CF2A-D3AD-49F8-83C8-34B161BCADD9}.Debug|x86.ActiveCfg = Debug|Any CPU
		{2939CF2A-D3AD-49F8-83C8-34B161BCADD9}.Design|Any CPU.ActiveCfg = Design|Any CPU
		{2939CF2A-D3AD-49F8-83C8-34B161BCADD9}.Design|Any CPU.Build.0 = Design|Any CPU
		{2939CF2A-D3AD-49F8-83C8-34B161BCADD9}.Design|x64.ActiveCfg = Design|x64
		{2939CF2A-D3AD-49F8-83C8-34B161BCADD9}.Design|x64.Build.0 = Design|x64
		{2939CF2A-D3AD-49F8-83C8-34B161BCADD9}.Design|x86.ActiveCfg = Design|Any CPU
		{2939CF2A-D3AD-49F8-83C8-34B161BCADD9}.Release|Any CPU.ActiveCfg = Release|Any CPU
		{2939CF2A-D3AD-49F8-83C8-34B161BCADD9}.Release|Any CPU.Build.0 = Release|Any CPU
		{2939CF2A-D3AD-49F8-83C8-34B161BCADD9}.Release|x64.ActiveCfg = Release|x64
		{2939CF2A-D3AD-49F8-83C8-34B161BCADD9}.Release|x64.Build.0 = Release|x64
		{2939CF2A-D3AD-49F8-83C8-34B161BCADD9}.Release|x86.ActiveCfg = Release|Any CPU
		{397A2B86-AFEE-40D2-A2E3-3CE40B575BDE}.Debug|Any CPU.ActiveCfg = Debug|Any CPU
		{397A2B86-AFEE-40D2-A2E3-3CE40B575BDE}.Debug|Any CPU.Build.0 = Debug|Any CPU
		{397A2B86-AFEE-40D2-A2E3-3CE40B575BDE}.Debug|x64.ActiveCfg = Debug|x64
		{397A2B86-AFEE-40D2-A2E3-3CE40B575BDE}.Debug|x64.Build.0 = Debug|x64
		{397A2B86-AFEE-40D2-A2E3-3CE40B575BDE}.Debug|x86.ActiveCfg = Debug|Any CPU
		{397A2B86-AFEE-40D2-A2E3-3CE40B575BDE}.Design|Any CPU.ActiveCfg = Design|Any CPU
		{397A2B86-AFEE-40D2-A2E3-3CE40B575BDE}.Design|Any CPU.Build.0 = Design|Any CPU
		{397A2B86-AFEE-40D2-A2E3-3CE40B575BDE}.Design|x64.ActiveCfg = Design|x64
		{397A2B86-AFEE-40D2-A2E3-3CE40B575BDE}.Design|x64.Build.0 = Design|x64
		{397A2B86-AFEE-40D2-A2E3-3CE40B575BDE}.Design|x86.ActiveCfg = Design|Any CPU
		{397A2B86-AFEE-40D2-A2E3-3CE40B575BDE}.Release|Any CPU.ActiveCfg = Release|Any CPU
		{397A2B86-AFEE-40D2-A2E3-3CE40B575BDE}.Release|Any CPU.Build.0 = Release|Any CPU
		{397A2B86-AFEE-40D2-A2E3-3CE40B575BDE}.Release|x64.ActiveCfg = Release|x64
		{397A2B86-AFEE-40D2-A2E3-3CE40B575BDE}.Release|x64.Build.0 = Release|x64
		{397A2B86-AFEE-40D2-A2E3-3CE40B575BDE}.Release|x86.ActiveCfg = Release|Any CPU
		{5FFA5A76-75B2-47DE-ACD7-08865E363857}.Debug|Any CPU.ActiveCfg = Debug|Any CPU
		{5FFA5A76-75B2-47DE-ACD7-08865E363857}.Debug|Any CPU.Build.0 = Debug|Any CPU
		{5FFA5A76-75B2-47DE-ACD7-08865E363857}.Debug|x64.ActiveCfg = Debug|x64
		{5FFA5A76-75B2-47DE-ACD7-08865E363857}.Debug|x64.Build.0 = Debug|x64
		{5FFA5A76-75B2-47DE-ACD7-08865E363857}.Debug|x86.ActiveCfg = Debug|Any CPU
		{5FFA5A76-75B2-47DE-ACD7-08865E363857}.Design|Any CPU.ActiveCfg = Design|Any CPU
		{5FFA5A76-75B2-47DE-ACD7-08865E363857}.Design|Any CPU.Build.0 = Design|Any CPU
		{5FFA5A76-75B2-47DE-ACD7-08865E363857}.Design|x64.ActiveCfg = Design|x64
		{5FFA5A76-75B2-47DE-ACD7-08865E363857}.Design|x64.Build.0 = Design|x64
		{5FFA5A76-75B2-47DE-ACD7-08865E363857}.Design|x86.ActiveCfg = Design|Any CPU
		{5FFA5A76-75B2-47DE-ACD7-08865E363857}.Release|Any CPU.ActiveCfg = Release|Any CPU
		{5FFA5A76-75B2-47DE-ACD7-08865E363857}.Release|Any CPU.Build.0 = Release|Any CPU
		{5FFA5A76-75B2-47DE-ACD7-08865E363857}.Release|x64.ActiveCfg = Release|x64
		{5FFA5A76-75B2-47DE-ACD7-08865E363857}.Release|x64.Build.0 = Release|x64
		{5FFA5A76-75B2-47DE-ACD7-08865E363857}.Release|x86.ActiveCfg = Release|Any CPU
		{F45F3D67-B555-4FB3-B250-D2187B167BEB}.Debug|Any CPU.ActiveCfg = Debug|Any CPU
		{F45F3D67-B555-4FB3-B250-D2187B167BEB}.Debug|Any CPU.Build.0 = Debug|Any CPU
		{F45F3D67-B555-4FB3-B250-D2187B167BEB}.Debug|x64.ActiveCfg = Debug|x64
		{F45F3D67-B555-4FB3-B250-D2187B167BEB}.Debug|x64.Build.0 = Debug|x64
		{F45F3D67-B555-4FB3-B250-D2187B167BEB}.Debug|x86.ActiveCfg = Debug|Any CPU
		{F45F3D67-B555-4FB3-B250-D2187B167BEB}.Design|Any CPU.ActiveCfg = Design|Any CPU
		{F45F3D67-B555-4FB3-B250-D2187B167BEB}.Design|Any CPU.Build.0 = Design|Any CPU
		{F45F3D67-B555-4FB3-B250-D2187B167BEB}.Design|x64.ActiveCfg = Design|x64
		{F45F3D67-B555-4FB3-B250-D2187B167BEB}.Design|x64.Build.0 = Design|x64
		{F45F3D67-B555-4FB3-B250-D2187B167BEB}.Design|x86.ActiveCfg = Design|Any CPU
		{F45F3D67-B555-4FB3-B250-D2187B167BEB}.Release|Any CPU.ActiveCfg = Release|Any CPU
		{F45F3D67-B555-4FB3-B250-D2187B167BEB}.Release|Any CPU.Build.0 = Release|Any CPU
		{F45F3D67-B555-4FB3-B250-D2187B167BEB}.Release|x64.ActiveCfg = Release|x64
		{F45F3D67-B555-4FB3-B250-D2187B167BEB}.Release|x64.Build.0 = Release|x64
		{F45F3D67-B555-4FB3-B250-D2187B167BEB}.Release|x86.ActiveCfg = Release|Any CPU
		{3DBA6824-B68B-4976-A44F-645FAE6107B2}.Debug|Any CPU.ActiveCfg = Debug|Any CPU
		{3DBA6824-B68B-4976-A44F-645FAE6107B2}.Debug|Any CPU.Build.0 = Debug|Any CPU
		{3DBA6824-B68B-4976-A44F-645FAE6107B2}.Debug|x64.ActiveCfg = Debug|x64
		{3DBA6824-B68B-4976-A44F-645FAE6107B2}.Debug|x64.Build.0 = Debug|x64
		{3DBA6824-B68B-4976-A44F-645FAE6107B2}.Debug|x86.ActiveCfg = Debug|Any CPU
		{3DBA6824-B68B-4976-A44F-645FAE6107B2}.Design|Any CPU.ActiveCfg = Design|Any CPU
		{3DBA6824-B68B-4976-A44F-645FAE6107B2}.Design|Any CPU.Build.0 = Design|Any CPU
		{3DBA6824-B68B-4976-A44F-645FAE6107B2}.Design|x64.ActiveCfg = Design|x64
		{3DBA6824-B68B-4976-A44F-645FAE6107B2}.Design|x64.Build.0 = Design|x64
		{3DBA6824-B68B-4976-A44F-645FAE6107B2}.Design|x86.ActiveCfg = Design|Any CPU
		{3DBA6824-B68B-4976-A44F-645FAE6107B2}.Release|Any CPU.ActiveCfg = Release|Any CPU
		{3DBA6824-B68B-4976-A44F-645FAE6107B2}.Release|Any CPU.Build.0 = Release|Any CPU
		{3DBA6824-B68B-4976-A44F-645FAE6107B2}.Release|x64.ActiveCfg = Release|x64
		{3DBA6824-B68B-4976-A44F-645FAE6107B2}.Release|x64.Build.0 = Release|x64
		{3DBA6824-B68B-4976-A44F-645FAE6107B2}.Release|x86.ActiveCfg = Release|Any CPU
		{C58A209D-9A3C-419B-9DA3-605C8A7B2510}.Debug|Any CPU.ActiveCfg = Debug|Any CPU
		{C58A209D-9A3C-419B-9DA3-605C8A7B2510}.Debug|Any CPU.Build.0 = Debug|Any CPU
		{C58A209D-9A3C-419B-9DA3-605C8A7B2510}.Debug|x64.ActiveCfg = Debug|x64
		{C58A209D-9A3C-419B-9DA3-605C8A7B2510}.Debug|x64.Build.0 = Debug|x64
		{C58A209D-9A3C-419B-9DA3-605C8A7B2510}.Debug|x86.ActiveCfg = Debug|Any CPU
		{C58A209D-9A3C-419B-9DA3-605C8A7B2510}.Design|Any CPU.ActiveCfg = Design|Any CPU
		{C58A209D-9A3C-419B-9DA3-605C8A7B2510}.Design|Any CPU.Build.0 = Design|Any CPU
		{C58A209D-9A3C-419B-9DA3-605C8A7B2510}.Design|x64.ActiveCfg = Design|x64
		{C58A209D-9A3C-419B-9DA3-605C8A7B2510}.Design|x64.Build.0 = Design|x64
		{C58A209D-9A3C-419B-9DA3-605C8A7B2510}.Design|x86.ActiveCfg = Design|Any CPU
		{C58A209D-9A3C-419B-9DA3-605C8A7B2510}.Release|Any CPU.ActiveCfg = Release|Any CPU
		{C58A209D-9A3C-419B-9DA3-605C8A7B2510}.Release|Any CPU.Build.0 = Release|Any CPU
		{C58A209D-9A3C-419B-9DA3-605C8A7B2510}.Release|x64.ActiveCfg = Release|x64
		{C58A209D-9A3C-419B-9DA3-605C8A7B2510}.Release|x64.Build.0 = Release|x64
		{C58A209D-9A3C-419B-9DA3-605C8A7B2510}.Release|x86.ActiveCfg = Release|Any CPU
		{401E8924-B68F-481B-9767-59D37578F6AD}.Debug|Any CPU.ActiveCfg = Debug|Any CPU
		{401E8924-B68F-481B-9767-59D37578F6AD}.Debug|Any CPU.Build.0 = Debug|Any CPU
		{401E8924-B68F-481B-9767-59D37578F6AD}.Debug|x64.ActiveCfg = Debug|x64
		{401E8924-B68F-481B-9767-59D37578F6AD}.Debug|x64.Build.0 = Debug|x64
		{401E8924-B68F-481B-9767-59D37578F6AD}.Debug|x86.ActiveCfg = Debug|Any CPU
		{401E8924-B68F-481B-9767-59D37578F6AD}.Design|Any CPU.ActiveCfg = Design|Any CPU
		{401E8924-B68F-481B-9767-59D37578F6AD}.Design|Any CPU.Build.0 = Design|Any CPU
		{401E8924-B68F-481B-9767-59D37578F6AD}.Design|x64.ActiveCfg = Design|x64
		{401E8924-B68F-481B-9767-59D37578F6AD}.Design|x64.Build.0 = Design|x64
		{401E8924-B68F-481B-9767-59D37578F6AD}.Design|x86.ActiveCfg = Design|Any CPU
		{401E8924-B68F-481B-9767-59D37578F6AD}.Release|Any CPU.ActiveCfg = Release|Any CPU
		{401E8924-B68F-481B-9767-59D37578F6AD}.Release|Any CPU.Build.0 = Release|Any CPU
		{401E8924-B68F-481B-9767-59D37578F6AD}.Release|x64.ActiveCfg = Release|x64
		{401E8924-B68F-481B-9767-59D37578F6AD}.Release|x64.Build.0 = Release|x64
		{401E8924-B68F-481B-9767-59D37578F6AD}.Release|x86.ActiveCfg = Release|Any CPU
		{54870CA5-D015-4C70-A019-CB5B84BDF321}.Debug|Any CPU.ActiveCfg = Debug|Any CPU
		{54870CA5-D015-4C70-A019-CB5B84BDF321}.Debug|Any CPU.Build.0 = Debug|Any CPU
		{54870CA5-D015-4C70-A019-CB5B84BDF321}.Debug|x64.ActiveCfg = Debug|x64
		{54870CA5-D015-4C70-A019-CB5B84BDF321}.Debug|x64.Build.0 = Debug|x64
		{54870CA5-D015-4C70-A019-CB5B84BDF321}.Debug|x86.ActiveCfg = Debug|x86
		{54870CA5-D015-4C70-A019-CB5B84BDF321}.Debug|x86.Build.0 = Debug|x86
		{54870CA5-D015-4C70-A019-CB5B84BDF321}.Design|Any CPU.ActiveCfg = Design|Any CPU
		{54870CA5-D015-4C70-A019-CB5B84BDF321}.Design|Any CPU.Build.0 = Design|Any CPU
		{54870CA5-D015-4C70-A019-CB5B84BDF321}.Design|x64.ActiveCfg = Design|x64
		{54870CA5-D015-4C70-A019-CB5B84BDF321}.Design|x64.Build.0 = Design|x64
		{54870CA5-D015-4C70-A019-CB5B84BDF321}.Design|x86.ActiveCfg = Design|x86
		{54870CA5-D015-4C70-A019-CB5B84BDF321}.Design|x86.Build.0 = Design|x86
		{54870CA5-D015-4C70-A019-CB5B84BDF321}.Release|Any CPU.ActiveCfg = Release|Any CPU
		{54870CA5-D015-4C70-A019-CB5B84BDF321}.Release|Any CPU.Build.0 = Release|Any CPU
		{54870CA5-D015-4C70-A019-CB5B84BDF321}.Release|x64.ActiveCfg = Release|x64
		{54870CA5-D015-4C70-A019-CB5B84BDF321}.Release|x64.Build.0 = Release|x64
		{54870CA5-D015-4C70-A019-CB5B84BDF321}.Release|x86.ActiveCfg = Release|x86
		{54870CA5-D015-4C70-A019-CB5B84BDF321}.Release|x86.Build.0 = Release|x86
	EndGlobalSection
	GlobalSection(SolutionProperties) = preSolution
		HideSolutionNode = FALSE
	EndGlobalSection
	GlobalSection(DPCodeReviewSolutionGUID) = preSolution
		DPCodeReviewSolutionGUID = {00000000-0000-0000-0000-000000000000}
	EndGlobalSection
EndGlobal
